PODS:
  - OMTSocial (0.0.1):
    - OMTSocial/Core (= 0.0.1)
    - OMTSocial/Facebook (= 0.0.1)
  - OMTSocial/Core (0.0.1)
  - OMTSocial/Facebook (0.0.1):
    - OMTSocial/Core

DEPENDENCIES:
  - OMTSocial (from `../`)

EXTERNAL SOURCES:
  OMTSocial:
    :path: "../"

SPEC CHECKSUMS:
  OMTSocial: 32cb63002a30f372d6401bbf76e5ff643aae976f

PODFILE CHECKSUM: 09f07833ca4412888c3b95e527fee67c6589858c

COCOAPODS: 1.6.1
